
Microsoft Visual Studio Solution File, Format Version 12.00
# Visual Studio 15
VisualStudioVersion = 15.0.28010.2048
MinimumVisualStudioVersion = 10.0.40219.1
Project("{FAE04EC0-301F-11D3-BF4B-00C04F79EFBC}") = "LC101Winter_School", "LC101Winter_School\LC101Winter_School.csproj", "{7FAEF8D9-2A60-42DF-A62D-46BAA0A0E8F8}"
EndProject
Global
	GlobalSection(SolutionConfigurationPlatforms) = preSolution
		Debug|Any CPU = Debug|Any CPU
		Release|Any CPU = Release|Any CPU
	EndGlobalSection
	GlobalSection(ProjectConfigurationPlatforms) = postSolution
		{7FAEF8D9-2A60-42DF-A62D-46BAA0A0E8F8}.Debug|Any CPU.ActiveCfg = Debug|Any CPU
		{7FAEF8D9-2A60-42DF-A62D-46BAA0A0E8F8}.Debug|Any CPU.Build.0 = Debug|Any CPU
		{7FAEF8D9-2A60-42DF-A62D-46BAA0A0E8F8}.Release|Any CPU.ActiveCfg = Release|Any CPU
		{7FAEF8D9-2A60-42DF-A62D-46BAA0A0E8F8}.Release|Any CPU.Build.0 = Release|Any CPU
	EndGlobalSection
	GlobalSection(SolutionProperties) = preSolution
		HideSolutionNode = FALSE
	EndGlobalSection
	GlobalSection(ExtensibilityGlobals) = postSolution
		SolutionGuid = {E9E7E885-03CF-47B4-92FA-C2D1B5AF8433}
	EndGlobalSection
EndGlobal
